
Microsoft Visual Studio Solution File, Format Version 12.00
# Visual Studio Version 17
VisualStudioVersion = 17.11.35208.52
MinimumVisualStudioVersion = 10.0.40219.1
Project("{FAE04EC0-301F-11D3-BF4B-00C04F79EFBC}") = "background_service", "background_service\background_service.csproj", "{C4D0359C-D9C1-4DD4-B114-7B57021E777A}"
EndProject
Global
	GlobalSection(SolutionConfigurationPlatforms) = preSolution
		Debug|Any CPU = Debug|Any CPU
		Release|Any CPU = Release|Any CPU
	EndGlobalSection
	GlobalSection(ProjectConfigurationPlatforms) = postSolution
		{C4D0359C-D9C1-4DD4-B114-7B57021E777A}.Debug|Any CPU.ActiveCfg = Debug|Any CPU
		{C4D0359C-D9C1-4DD4-B114-7B57021E777A}.Debug|Any CPU.Build.0 = Debug|Any CPU
		{C4D0359C-D9C1-4DD4-B114-7B57021E777A}.Release|Any CPU.ActiveCfg = Release|Any CPU
		{C4D0359C-D9C1-4DD4-B114-7B57021E777A}.Release|Any CPU.Build.0 = Release|Any CPU
	EndGlobalSection
	GlobalSection(SolutionProperties) = preSolution
		HideSolutionNode = FALSE
	EndGlobalSection
	GlobalSection(ExtensibilityGlobals) = postSolution
		SolutionGuid = {1CA4099F-EA9A-4A3D-A87E-87C60AABF7E8}
	EndGlobalSection
EndGlobal
